
Microsoft Visual Studio Solution File, Format Version 12.00
# Visual Studio Version 17
VisualStudioVersion = 17.8.34525.116
MinimumVisualStudioVersion = 10.0.40219.1
Project("{FAE04EC0-301F-11D3-BF4B-00C04F79EFBC}") = "Almoxarifado", "Almoxarifado\Almoxarifado.csproj", "{EA61426A-868B-447B-9FA4-CBC5ABC16D69}"
EndProject
Project("{FAE04EC0-301F-11D3-BF4B-00C04F79EFBC}") = "BibliotecasSIG", "..\BibliotecasSIG\BibliotecasSIG\BibliotecasSIG.csproj", "{894B3E19-8B96-32B5-7879-F8352B0B74A2}"
EndProject
Project("{FAE04EC0-301F-11D3-BF4B-00C04F79EFBC}") = "Update", "..\Update\Update.csproj", "{DDC8E9A1-8E73-A446-F0DB-098EC8ED654D}"
EndProject
Global
	GlobalSection(SolutionConfigurationPlatforms) = preSolution
		Debug|Any CPU = Debug|Any CPU
		Release|Any CPU = Release|Any CPU
	EndGlobalSection
	GlobalSection(ProjectConfigurationPlatforms) = postSolution
		{EA61426A-868B-447B-9FA4-CBC5ABC16D69}.Debug|Any CPU.ActiveCfg = Debug|Any CPU
		{EA61426A-868B-447B-9FA4-CBC5ABC16D69}.Debug|Any CPU.Build.0 = Debug|Any CPU
		{EA61426A-868B-447B-9FA4-CBC5ABC16D69}.Release|Any CPU.ActiveCfg = Release|Any CPU
		{EA61426A-868B-447B-9FA4-CBC5ABC16D69}.Release|Any CPU.Build.0 = Release|Any CPU
		{894B3E19-8B96-32B5-7879-F8352B0B74A2}.Debug|Any CPU.ActiveCfg = Debug|Any CPU
		{894B3E19-8B96-32B5-7879-F8352B0B74A2}.Debug|Any CPU.Build.0 = Debug|Any CPU
		{894B3E19-8B96-32B5-7879-F8352B0B74A2}.Release|Any CPU.ActiveCfg = Release|Any CPU
		{894B3E19-8B96-32B5-7879-F8352B0B74A2}.Release|Any CPU.Build.0 = Release|Any CPU
		{DDC8E9A1-8E73-A446-F0DB-098EC8ED654D}.Debug|Any CPU.ActiveCfg = Debug|Any CPU
		{DDC8E9A1-8E73-A446-F0DB-098EC8ED654D}.Debug|Any CPU.Build.0 = Debug|Any CPU
		{DDC8E9A1-8E73-A446-F0DB-098EC8ED654D}.Release|Any CPU.ActiveCfg = Release|Any CPU
		{DDC8E9A1-8E73-A446-F0DB-098EC8ED654D}.Release|Any CPU.Build.0 = Release|Any CPU
	EndGlobalSection
	GlobalSection(SolutionProperties) = preSolution
		HideSolutionNode = FALSE
	EndGlobalSection
	GlobalSection(ExtensibilityGlobals) = postSolution
		SolutionGuid = {158C6F5B-53D5-40B5-9548-D9961E92CD3B}
	EndGlobalSection
EndGlobal
